
Microsoft Visual Studio Solution File, Format Version 12.00
# Visual Studio Version 16
VisualStudioVersion = 16.0.34031.81
MinimumVisualStudioVersion = 10.0.40219.1
Project("{FAE04EC0-301F-11D3-BF4B-00C04F79EFBC}") = "Lab01", "lab01\Lab01.csproj", "{4A8895E4-30C1-4A20-897C-762FC027E0F8}"
EndProject
Global
	GlobalSection(SolutionConfigurationPlatforms) = preSolution
		Debug|Any CPU = Debug|Any CPU
		Release|Any CPU = Release|Any CPU
	EndGlobalSection
	GlobalSection(ProjectConfigurationPlatforms) = postSolution
		{4A8895E4-30C1-4A20-897C-762FC027E0F8}.Debug|Any CPU.ActiveCfg = Debug|Any CPU
		{4A8895E4-30C1-4A20-897C-762FC027E0F8}.Debug|Any CPU.Build.0 = Debug|Any CPU
		{4A8895E4-30C1-4A20-897C-762FC027E0F8}.Release|Any CPU.ActiveCfg = Release|Any CPU
		{4A8895E4-30C1-4A20-897C-762FC027E0F8}.Release|Any CPU.Build.0 = Release|Any CPU
	EndGlobalSection
	GlobalSection(SolutionProperties) = preSolution
		HideSolutionNode = FALSE
	EndGlobalSection
	GlobalSection(ExtensibilityGlobals) = postSolution
		SolutionGuid = {C8997188-5329-456E-A89E-DE42A0A00952}
	EndGlobalSection
EndGlobal
